
Microsoft Visual Studio Solution File, Format Version 12.00
# Visual Studio Version 16
VisualStudioVersion = 16.0.29505.145
MinimumVisualStudioVersion = 10.0.40219.1
Project("{FAE04EC0-301F-11D3-BF4B-00C04F79EFBC}") = "Stock Paper Trading App", "Stock Trading App\Stock Paper Trading App.csproj", "{19B099C9-B65F-4E33-A666-F04CC3648BBC}"
EndProject
Global
	GlobalSection(SolutionConfigurationPlatforms) = preSolution
		Debug|Any CPU = Debug|Any CPU
		Release|Any CPU = Release|Any CPU
	EndGlobalSection
	GlobalSection(ProjectConfigurationPlatforms) = postSolution
		{19B099C9-B65F-4E33-A666-F04CC3648BBC}.Debug|Any CPU.ActiveCfg = Debug|Any CPU
		{19B099C9-B65F-4E33-A666-F04CC3648BBC}.Debug|Any CPU.Build.0 = Debug|Any CPU
		{19B099C9-B65F-4E33-A666-F04CC3648BBC}.Release|Any CPU.ActiveCfg = Release|Any CPU
		{19B099C9-B65F-4E33-A666-F04CC3648BBC}.Release|Any CPU.Build.0 = Release|Any CPU
	EndGlobalSection
	GlobalSection(SolutionProperties) = preSolution
		HideSolutionNode = FALSE
	EndGlobalSection
	GlobalSection(ExtensibilityGlobals) = postSolution
		SolutionGuid = {E5993545-01EC-443E-9DA3-75FE8F9E6204}
	EndGlobalSection
EndGlobal
